Microsoft Visual Studio Solution File, Format Version 12.00
# Visual Studio Version 17
VisualStudioVersion = 17.5.2.0
MinimumVisualStudioVersion = 10.0.40219.1
Project("{FAE04EC0-301F-11D3-BF4B-00C04F79EFBC}") = "ChickenNuggetSimulator.Android", "ChickenNuggetSimulator.Android.csproj", "{674FE6E9-41D1-476C-3FD7-E367DD69675E}"
EndProject
Global
	GlobalSection(SolutionConfigurationPlatforms) = preSolution
		Debug|Any CPU = Debug|Any CPU
		Release|Any CPU = Release|Any CPU
	EndGlobalSection
	GlobalSection(ProjectConfigurationPlatforms) = postSolution
		{674FE6E9-41D1-476C-3FD7-E367DD69675E}.Debug|Any CPU.ActiveCfg = Debug|Any CPU
		{674FE6E9-41D1-476C-3FD7-E367DD69675E}.Debug|Any CPU.Build.0 = Debug|Any CPU
		{674FE6E9-41D1-476C-3FD7-E367DD69675E}.Release|Any CPU.ActiveCfg = Release|Any CPU
		{674FE6E9-41D1-476C-3FD7-E367DD69675E}.Release|Any CPU.Build.0 = Release|Any CPU
	EndGlobalSection
	GlobalSection(SolutionProperties) = preSolution
		HideSolutionNode = FALSE
	EndGlobalSection
	GlobalSection(ExtensibilityGlobals) = postSolution
		SolutionGuid = {5DA3BF45-2AD9-4C5A-A299-22D32B0F809B}
	EndGlobalSection
EndGlobal
